// !$*UTF8*$!
{
	archiveVersion = 1;
	classes = {
	};
	objectVersion = 52;
	objects = {

/* Begin PBXBuildFile section */
		950A377726A820F800CAB175 /* DefaultCurrency+CoreDataProperties.swift in Sources */ = {isa = PBXBuildFile; fileRef = 950A377626A820F400CAB175 /* DefaultCurrency+CoreDataProperties.swift */; };
		950A377826A820F800CAB175 /* DefaultCurrency+CoreDataClass.swift in Sources */ = {isa = PBXBuildFile; fileRef = 950A377526A820F400CAB175 /* DefaultCurrency+CoreDataClass.swift */; };
		9555933A269B0AB8000FD726 /* ParseJson.swift in Sources */ = {isa = PBXBuildFile; fileRef = 95559339269B0AB8000FD726 /* ParseJson.swift */; };
		9555933D269B0E0A000FD726 /* CurrencyMetadata.json in Resources */ = {isa = PBXBuildFile; fileRef = 9555933C269B0E0A000FD726 /* CurrencyMetadata.json */; };
		95562D4D26A8962A0047E778 /* StoreKit.framework in Frameworks */ = {isa = PBXBuildFile; fileRef = 95562D4C26A8962A0047E778 /* StoreKit.framework */; };
		95562D5226A8AEF60047E778 /* Purchases in Frameworks */ = {isa = PBXBuildFile; productRef = 95562D5126A8AEF60047E778 /* Purchases */; };
		95562D5526A8B0B70047E778 /* RevenueCatTest.swift in Sources */ = {isa = PBXBuildFile; fileRef = 95562D5426A8B0B70047E778 /* RevenueCatTest.swift */; };
		957065E226A5FE0400523E68 /* Settings.swift in Sources */ = {isa = PBXBuildFile; fileRef = 957065E126A5FE0400523E68 /* Settings.swift */; };
		9585BB1226A6B71B00E3193E /* ReadConfig.swift in Sources */ = {isa = PBXBuildFile; fileRef = 9585BB1126A6B71B00E3193E /* ReadConfig.swift */; };
		9585BB1426A6B7F400E3193E /* Request.swift in Sources */ = {isa = PBXBuildFile; fileRef = 9585BB1326A6B7F400E3193E /* Request.swift */; };
		9585BB1A26A6E8FD00E3193E /* SimpleSuccess.swift in Sources */ = {isa = PBXBuildFile; fileRef = 9585BB1926A6E8FD00E3193E /* SimpleSuccess.swift */; };
		95AEBC9526A03ECB00613729 /* ContentView.swift in Sources */ = {isa = PBXBuildFile; fileRef = 95AEBC9426A03ECB00613729 /* ContentView.swift */; };
		95AEBC9B26A04A4200613729 /* CurrencyMetadataModel.swift in Sources */ = {isa = PBXBuildFile; fileRef = 95AEBC9A26A04A4200613729 /* CurrencyMetadataModel.swift */; };
		95AEBC9D26A04D4600613729 /* CurrencyRow.swift in Sources */ = {isa = PBXBuildFile; fileRef = 95AEBC9C26A04D4600613729 /* CurrencyRow.swift */; };
		95AEBCA326A0900E00613729 /* CurrencyQuoteModel.swift in Sources */ = {isa = PBXBuildFile; fileRef = 95AEBCA226A0900E00613729 /* CurrencyQuoteModel.swift */; };
		95B54F4426A4842C001DC0D8 /* Conversion.swift in Sources */ = {isa = PBXBuildFile; fileRef = 95B54F4326A4842C001DC0D8 /* Conversion.swift */; };
		95B54F4626A48852001DC0D8 /* CurrencySelector.swift in Sources */ = {isa = PBXBuildFile; fileRef = 95B54F4526A48852001DC0D8 /* CurrencySelector.swift */; };
		95B54F4A26A4A450001DC0D8 /* ConversionBox.swift in Sources */ = {isa = PBXBuildFile; fileRef = 95B54F4926A4A450001DC0D8 /* ConversionBox.swift */; };
		95B54F4F26A4AC52001DC0D8 /* ContentViewPad.swift in Sources */ = {isa = PBXBuildFile; fileRef = 95B54F4E26A4AC52001DC0D8 /* ContentViewPad.swift */; };
		95B54F5126A4ACAC001DC0D8 /* Sidebar.swift in Sources */ = {isa = PBXBuildFile; fileRef = 95B54F5026A4ACAC001DC0D8 /* Sidebar.swift */; };
		95B5F53126AADE4B00BDCE89 /* en.xliff in Resources */ = {isa = PBXBuildFile; fileRef = 95B5F52826AADE4B00BDCE89 /* en.xliff */; };
		95B5F53226AADE4B00BDCE89 /* contents.json in Resources */ = {isa = PBXBuildFile; fileRef = 95B5F52A26AADE4B00BDCE89 /* contents.json */; };
		95B5F53326AADE4B00BDCE89 /* Localizable.strings in Resources */ = {isa = PBXBuildFile; fileRef = 95B5F52D26AADE4B00BDCE89 /* Localizable.strings */; };
		95B5F53426AADE4B00BDCE89 /* InfoPlist.strings in Resources */ = {isa = PBXBuildFile; fileRef = 95B5F52F26AADE4B00BDCE89 /* InfoPlist.strings */; };
		95C5179126A5DC8E00BC2B24 /* ConditionalWrapper.swift in Sources */ = {isa = PBXBuildFile; fileRef = 95C5179026A5DC8E00BC2B24 /* ConditionalWrapper.swift */; };
		95C5179926A5EC9F00BC2B24 /* FavouriteButton.swift in Sources */ = {isa = PBXBuildFile; fileRef = 95C5179826A5EC9F00BC2B24 /* FavouriteButton.swift */; };
		95C5179C26A5EFBE00BC2B24 /* Favourite+CoreDataClass.swift in Sources */ = {isa = PBXBuildFile; fileRef = 95C5179A26A5EFBE00BC2B24 /* Favourite+CoreDataClass.swift */; };
		95C5179D26A5EFBE00BC2B24 /* Favourite+CoreDataProperties.swift in Sources */ = {isa = PBXBuildFile; fileRef = 95C5179B26A5EFBE00BC2B24 /* Favourite+CoreDataProperties.swift */; };
		95C5179F26A5F34200BC2B24 /* Favourites.swift in Sources */ = {isa = PBXBuildFile; fileRef = 95C5179E26A5F34200BC2B24 /* Favourites.swift */; };
		95C517A126A5F6C000BC2B24 /* ResignKeyboard.swift in Sources */ = {isa = PBXBuildFile; fileRef = 95C517A026A5F6C000BC2B24 /* ResignKeyboard.swift */; };
		95C5B2282697752600941585 /* SimoleonApp.swift in Sources */ = {isa = PBXBuildFile; fileRef = 95C5B2272697752600941585 /* SimoleonApp.swift */; };
		95C5B22C2697752700941585 /* Assets.xcassets in Resources */ = {isa = PBXBuildFile; fileRef = 95C5B22B2697752700941585 /* Assets.xcassets */; };
		95C5B22F2697752700941585 /* Preview Assets.xcassets in Resources */ = {isa = PBXBuildFile; fileRef = 95C5B22E2697752700941585 /* Preview Assets.xcassets */; };
		95C5B2312697752700941585 /* Persistence.swift in Sources */ = {isa = PBXBuildFile; fileRef = 95C5B2302697752700941585 /* Persistence.swift */; };
		95C5B2342697752700941585 /* Simoleon.xcdatamodeld in Sources */ = {isa = PBXBuildFile; fileRef = 95C5B2322697752700941585 /* Simoleon.xcdatamodeld */; };
		95C5B23F2697752700941585 /* SimoleonTests.swift in Sources */ = {isa = PBXBuildFile; fileRef = 95C5B23E2697752700941585 /* SimoleonTests.swift */; };
		95C5B24A2697752700941585 /* SimoleonUITests.swift in Sources */ = {isa = PBXBuildFile; fileRef = 95C5B2492697752700941585 /* SimoleonUITests.swift */; };
		95D8C8C726A95D2900BCC188 /* Subscription.swift in Sources */ = {isa = PBXBuildFile; fileRef = 95D8C8C626A95D2900BCC188 /* Subscription.swift */; };
		95D8C8CD26A9784500BCC188 /* SubscribeButton.swift in Sources */ = {isa = PBXBuildFile; fileRef = 95D8C8CC26A9784500BCC188 /* SubscribeButton.swift */; };
		95D8C8CF26A98A7900BCC188 /* RestoreButton.swift in Sources */ = {isa = PBXBuildFile; fileRef = 95D8C8CE26A98A7900BCC188 /* RestoreButton.swift */; };
		95D8C8D126A9BC6200BCC188 /* LockedCurrencyPicker.swift in Sources */ = {isa = PBXBuildFile; fileRef = 95D8C8D026A9BC6200BCC188 /* LockedCurrencyPicker.swift */; };
		95D8C8D326A9C17300BCC188 /* SubscriptionController.swift in Sources */ = {isa = PBXBuildFile; fileRef = 95D8C8D226A9C17300BCC188 /* SubscriptionController.swift */; };
		95D8C8D526A9E20F00BCC188 /* SubscriberInfo.swift in Sources */ = {isa = PBXBuildFile; fileRef = 95D8C8D426A9E20F00BCC188 /* SubscriberInfo.swift */; };
		95DD4ABB269B33810027CA1F /* CurrencyPairs.json in Resources */ = {isa = PBXBuildFile; fileRef = 95DD4ABA269B33810027CA1F /* CurrencyPairs.json */; };
		95E76436269DFC1A008E9F31 /* LaunchScreen.storyboard in Resources */ = {isa = PBXBuildFile; fileRef = 95E76435269DFC1A008E9F31 /* LaunchScreen.storyboard */; };
		95E7643A269E0037008E9F31 /* CloudKit.framework in Frameworks */ = {isa = PBXBuildFile; fileRef = 95E76439269E0037008E9F31 /* CloudKit.framework */; };
/* End PBXBuildFile section */

/* Begin PBXContainerItemProxy section */
		95C5B23B2697752700941585 /* PBXContainerItemProxy */ = {
			isa = PBXContainerItemProxy;
			containerPortal = 95C5B21C2697752600941585 /* Project object */;
			proxyType = 1;
			remoteGlobalIDString = 95C5B2232697752600941585;
			remoteInfo = Simoleon;
		};
		95C5B2462697752700941585 /* PBXContainerItemProxy */ = {
			isa = PBXContainerItemProxy;
			containerPortal = 95C5B21C2697752600941585 /* Project object */;
			proxyType = 1;
			remoteGlobalIDString = 95C5B2232697752600941585;
			remoteInfo = Simoleon;
		};
/* End PBXContainerItemProxy section */

/* Begin PBXFileReference section */
		950A377526A820F400CAB175 /* DefaultCurrency+CoreDataClass.swift */ = {isa = PBXFileReference; lastKnownFileType = sourcecode.swift; path = "DefaultCurrency+CoreDataClass.swift"; sourceTree = "<group>"; };
		950A377626A820F400CAB175 /* DefaultCurrency+CoreDataProperties.swift */ = {isa = PBXFileReference; lastKnownFileType = sourcecode.swift; path = "DefaultCurrency+CoreDataProperties.swift"; sourceTree = "<group>"; };
		95559339269B0AB8000FD726 /* ParseJson.swift */ = {isa = PBXFileReference; lastKnownFileType = sourcecode.swift; path = ParseJson.swift; sourceTree = "<group>"; };
		9555933C269B0E0A000FD726 /* CurrencyMetadata.json */ = {isa = PBXFileReference; lastKnownFileType = text.json; path = CurrencyMetadata.json; sourceTree = "<group>"; };
		95562D4C26A8962A0047E778 /* StoreKit.framework */ = {isa = PBXFileReference; lastKnownFileType = wrapper.framework; name = StoreKit.framework; path = System/Library/Frameworks/StoreKit.framework; sourceTree = SDKROOT; };
		95562D5426A8B0B70047E778 /* RevenueCatTest.swift */ = {isa = PBXFileReference; lastKnownFileType = sourcecode.swift; path = RevenueCatTest.swift; sourceTree = "<group>"; };
		957065E126A5FE0400523E68 /* Settings.swift */ = {isa = PBXFileReference; lastKnownFileType = sourcecode.swift; path = Settings.swift; sourceTree = "<group>"; };
		9585BB0F26A6B58500E3193E /* Config.xcconfig */ = {isa = PBXFileReference; lastKnownFileType = text.xcconfig; path = Config.xcconfig; sourceTree = "<group>"; };
		9585BB1026A6B5ED00E3193E /* ConfigTemplate.xcconfig */ = {isa = PBXFileReference; lastKnownFileType = text.xcconfig; path = ConfigTemplate.xcconfig; sourceTree = "<group>"; };
		9585BB1126A6B71B00E3193E /* ReadConfig.swift */ = {isa = PBXFileReference; lastKnownFileType = sourcecode.swift; path = ReadConfig.swift; sourceTree = "<group>"; };
		9585BB1326A6B7F400E3193E /* Request.swift */ = {isa = PBXFileReference; lastKnownFileType = sourcecode.swift; path = Request.swift; sourceTree = "<group>"; };
		9585BB1926A6E8FD00E3193E /* SimpleSuccess.swift */ = {isa = PBXFileReference; lastKnownFileType = sourcecode.swift; path = SimpleSuccess.swift; sourceTree = "<group>"; };
		95AEBC9426A03ECB00613729 /* ContentView.swift */ = {isa = PBXFileReference; lastKnownFileType = sourcecode.swift; path = ContentView.swift; sourceTree = "<group>"; };
		95AEBC9A26A04A4200613729 /* CurrencyMetadataModel.swift */ = {isa = PBXFileReference; lastKnownFileType = sourcecode.swift; path = CurrencyMetadataModel.swift; sourceTree = "<group>"; };
		95AEBC9C26A04D4600613729 /* CurrencyRow.swift */ = {isa = PBXFileReference; lastKnownFileType = sourcecode.swift; path = CurrencyRow.swift; sourceTree = "<group>"; };
		95AEBCA226A0900E00613729 /* CurrencyQuoteModel.swift */ = {isa = PBXFileReference; lastKnownFileType = sourcecode.swift; path = CurrencyQuoteModel.swift; sourceTree = "<group>"; };
		95B54F4326A4842C001DC0D8 /* Conversion.swift */ = {isa = PBXFileReference; lastKnownFileType = sourcecode.swift; path = Conversion.swift; sourceTree = "<group>"; };
		95B54F4526A48852001DC0D8 /* CurrencySelector.swift */ = {isa = PBXFileReference; lastKnownFileType = sourcecode.swift; path = CurrencySelector.swift; sourceTree = "<group>"; };
		95B54F4926A4A450001DC0D8 /* ConversionBox.swift */ = {isa = PBXFileReference; lastKnownFileType = sourcecode.swift; path = ConversionBox.swift; sourceTree = "<group>"; };
		95B54F4E26A4AC52001DC0D8 /* ContentViewPad.swift */ = {isa = PBXFileReference; lastKnownFileType = sourcecode.swift; path = ContentViewPad.swift; sourceTree = "<group>"; };
		95B54F5026A4ACAC001DC0D8 /* Sidebar.swift */ = {isa = PBXFileReference; lastKnownFileType = sourcecode.swift; path = Sidebar.swift; sourceTree = "<group>"; };
		95B5F52826AADE4B00BDCE89 /* en.xliff */ = {isa = PBXFileReference; fileEncoding = 4; lastKnownFileType = text.xml; path = en.xliff; sourceTree = "<group>"; };
		95B5F52A26AADE4B00BDCE89 /* contents.json */ = {isa = PBXFileReference; fileEncoding = 4; lastKnownFileType = text.json; path = contents.json; sourceTree = "<group>"; };
		95B5F52E26AADE4B00BDCE89 /* en */ = {isa = PBXFileReference; lastKnownFileType = text.plist.strings; name = en; path = en.lproj/Localizable.strings; sourceTree = "<group>"; };
		95B5F53026AADE4B00BDCE89 /* en */ = {isa = PBXFileReference; lastKnownFileType = text.plist.strings; name = en; path = en.lproj/InfoPlist.strings; sourceTree = "<group>"; };
		95B5F53526AADE5200BDCE89 /* es */ = {isa = PBXFileReference; lastKnownFileType = text.plist.strings; name = es; path = es.lproj/Localizable.strings; sourceTree = "<group>"; };
		95B5F53626AADE5500BDCE89 /* es */ = {isa = PBXFileReference; lastKnownFileType = text.plist.strings; name = es; path = es.lproj/InfoPlist.strings; sourceTree = "<group>"; };
		95C5179026A5DC8E00BC2B24 /* ConditionalWrapper.swift */ = {isa = PBXFileReference; lastKnownFileType = sourcecode.swift; path = ConditionalWrapper.swift; sourceTree = "<group>"; };
		95C5179826A5EC9F00BC2B24 /* FavouriteButton.swift */ = {isa = PBXFileReference; lastKnownFileType = sourcecode.swift; path = FavouriteButton.swift; sourceTree = "<group>"; };
		95C5179A26A5EFBE00BC2B24 /* Favourite+CoreDataClass.swift */ = {isa = PBXFileReference; lastKnownFileType = sourcecode.swift; path = "Favourite+CoreDataClass.swift"; sourceTree = "<group>"; };
		95C5179B26A5EFBE00BC2B24 /* Favourite+CoreDataProperties.swift */ = {isa = PBXFileReference; lastKnownFileType = sourcecode.swift; path = "Favourite+CoreDataProperties.swift"; sourceTree = "<group>"; };
		95C5179E26A5F34200BC2B24 /* Favourites.swift */ = {isa = PBXFileReference; lastKnownFileType = sourcecode.swift; path = Favourites.swift; sourceTree = "<group>"; };
		95C517A026A5F6C000BC2B24 /* ResignKeyboard.swift */ = {isa = PBXFileReference; lastKnownFileType = sourcecode.swift; path = ResignKeyboard.swift; sourceTree = "<group>"; };
		95C5B2242697752600941585 /* Simoleon.app */ = {isa = PBXFileReference; explicitFileType = wrapper.application; includeInIndex = 0; path = Simoleon.app; sourceTree = BUILT_PRODUCTS_DIR; };
		95C5B2272697752600941585 /* SimoleonApp.swift */ = {isa = PBXFileReference; lastKnownFileType = sourcecode.swift; path = SimoleonApp.swift; sourceTree = "<group>"; };
		95C5B22B2697752700941585 /* Assets.xcassets */ = {isa = PBXFileReference; lastKnownFileType = folder.assetcatalog; path = Assets.xcassets; sourceTree = "<group>"; };
		95C5B22E2697752700941585 /* Preview Assets.xcassets */ = {isa = PBXFileReference; lastKnownFileType = folder.assetcatalog; path = "Preview Assets.xcassets"; sourceTree = "<group>"; };
		95C5B2302697752700941585 /* Persistence.swift */ = {isa = PBXFileReference; lastKnownFileType = sourcecode.swift; path = Persistence.swift; sourceTree = "<group>"; };
		95C5B2332697752700941585 /* Simoleon.xcdatamodel */ = {isa = PBXFileReference; lastKnownFileType = wrapper.xcdatamodel; path = Simoleon.xcdatamodel; sourceTree = "<group>"; };
		95C5B2352697752700941585 /* Info.plist */ = {isa = PBXFileReference; lastKnownFileType = text.plist.xml; path = Info.plist; sourceTree = "<group>"; };
		95C5B23A2697752700941585 /* SimoleonTests.xctest */ = {isa = PBXFileReference; explicitFileType = wrapper.cfbundle; includeInIndex = 0; path = SimoleonTests.xctest; sourceTree = BUILT_PRODUCTS_DIR; };
		95C5B23E2697752700941585 /* SimoleonTests.swift */ = {isa = PBXFileReference; lastKnownFileType = sourcecode.swift; path = SimoleonTests.swift; sourceTree = "<group>"; };
		95C5B2402697752700941585 /* Info.plist */ = {isa = PBXFileReference; lastKnownFileType = text.plist.xml; path = Info.plist; sourceTree = "<group>"; };
		95C5B2452697752700941585 /* SimoleonUITests.xctest */ = {isa = PBXFileReference; explicitFileType = wrapper.cfbundle; includeInIndex = 0; path = SimoleonUITests.xctest; sourceTree = BUILT_PRODUCTS_DIR; };
		95C5B2492697752700941585 /* SimoleonUITests.swift */ = {isa = PBXFileReference; lastKnownFileType = sourcecode.swift; path = SimoleonUITests.swift; sourceTree = "<group>"; };
		95C5B24B2697752700941585 /* Info.plist */ = {isa = PBXFileReference; lastKnownFileType = text.plist.xml; path = Info.plist; sourceTree = "<group>"; };
		95D8C8C626A95D2900BCC188 /* Subscription.swift */ = {isa = PBXFileReference; lastKnownFileType = sourcecode.swift; path = Subscription.swift; sourceTree = "<group>"; };
		95D8C8CC26A9784500BCC188 /* SubscribeButton.swift */ = {isa = PBXFileReference; lastKnownFileType = sourcecode.swift; path = SubscribeButton.swift; sourceTree = "<group>"; };
		95D8C8CE26A98A7900BCC188 /* RestoreButton.swift */ = {isa = PBXFileReference; lastKnownFileType = sourcecode.swift; path = RestoreButton.swift; sourceTree = "<group>"; };
		95D8C8D026A9BC6200BCC188 /* LockedCurrencyPicker.swift */ = {isa = PBXFileReference; lastKnownFileType = sourcecode.swift; path = LockedCurrencyPicker.swift; sourceTree = "<group>"; };
		95D8C8D226A9C17300BCC188 /* SubscriptionController.swift */ = {isa = PBXFileReference; lastKnownFileType = sourcecode.swift; path = SubscriptionController.swift; sourceTree = "<group>"; };
		95D8C8D426A9E20F00BCC188 /* SubscriberInfo.swift */ = {isa = PBXFileReference; lastKnownFileType = sourcecode.swift; path = SubscriberInfo.swift; sourceTree = "<group>"; };
		95DD4ABA269B33810027CA1F /* CurrencyPairs.json */ = {isa = PBXFileReference; lastKnownFileType = text.json; path = CurrencyPairs.json; sourceTree = "<group>"; };
		95E76435269DFC1A008E9F31 /* LaunchScreen.storyboard */ = {isa = PBXFileReference; lastKnownFileType = file.storyboard; path = LaunchScreen.storyboard; sourceTree = "<group>"; };
		95E76437269E0033008E9F31 /* Simoleon.entitlements */ = {isa = PBXFileReference; lastKnownFileType = text.plist.entitlements; path = Simoleon.entitlements; sourceTree = "<group>"; };
		95E76439269E0037008E9F31 /* CloudKit.framework */ = {isa = PBXFileReference; lastKnownFileType = wrapper.framework; name = CloudKit.framework; path = System/Library/Frameworks/CloudKit.framework; sourceTree = SDKROOT; };
/* End PBXFileReference section */

/* Begin PBXFrameworksBuildPhase section */
		95C5B2212697752600941585 /* Frameworks */ = {
			isa = PBXFrameworksBuildPhase;
			buildActionMask = 2147483647;
			files = (
				95E7643A269E0037008E9F31 /* CloudKit.framework in Frameworks */,
				95562D4D26A8962A0047E778 /* StoreKit.framework in Frameworks */,
				95562D5226A8AEF60047E778 /* Purchases in Frameworks */,
			);
			runOnlyForDeploymentPostprocessing = 0;
		};
		95C5B2372697752700941585 /* Frameworks */ = {
			isa = PBXFrameworksBuildPhase;
			buildActionMask = 2147483647;
			files = (
			);
			runOnlyForDeploymentPostprocessing = 0;
		};
		95C5B2422697752700941585 /* Frameworks */ = {
			isa = PBXFrameworksBuildPhase;
			buildActionMask = 2147483647;
			files = (
			);
			runOnlyForDeploymentPostprocessing = 0;
		};
/* End PBXFrameworksBuildPhase section */

/* Begin PBXGroup section */
		95559331269B094A000FD726 /* Models */ = {
			isa = PBXGroup;
			children = (
				950A377526A820F400CAB175 /* DefaultCurrency+CoreDataClass.swift */,
				950A377626A820F400CAB175 /* DefaultCurrency+CoreDataProperties.swift */,
				95C5179A26A5EFBE00BC2B24 /* Favourite+CoreDataClass.swift */,
				95C5179B26A5EFBE00BC2B24 /* Favourite+CoreDataProperties.swift */,
				95AEBC9A26A04A4200613729 /* CurrencyMetadataModel.swift */,
				95AEBCA226A0900E00613729 /* CurrencyQuoteModel.swift */,
			);
			path = Models;
			sourceTree = "<group>";
		};
		95559338269B0AAA000FD726 /* Functions */ = {
			isa = PBXGroup;
			children = (
				95559339269B0AB8000FD726 /* ParseJson.swift */,
				9585BB1126A6B71B00E3193E /* ReadConfig.swift */,
				9585BB1326A6B7F400E3193E /* Request.swift */,
				9585BB1926A6E8FD00E3193E /* SimpleSuccess.swift */,
			);
			path = Functions;
			sourceTree = "<group>";
		};
		9555933B269B0DF9000FD726 /* Resources */ = {
			isa = PBXGroup;
			children = (
				9555933C269B0E0A000FD726 /* CurrencyMetadata.json */,
				95DD4ABA269B33810027CA1F /* CurrencyPairs.json */,
			);
			path = Resources;
			sourceTree = "<group>";
		};
		95562D5326A8B0A70047E778 /* Tests */ = {
			isa = PBXGroup;
			children = (
				95562D5426A8B0B70047E778 /* RevenueCatTest.swift */,
			);
			path = Tests;
			sourceTree = "<group>";
		};
		95B5F52526AADE4B00BDCE89 /* Localisation */ = {
			isa = PBXGroup;
			children = (
				95B5F52626AADE4B00BDCE89 /* en.xcloc */,
			);
			path = Localisation;
			sourceTree = "<group>";
		};
		95B5F52626AADE4B00BDCE89 /* en.xcloc */ = {
			isa = PBXGroup;
			children = (
				95B5F52726AADE4B00BDCE89 /* Localized Contents */,
				95B5F52926AADE4B00BDCE89 /* Notes */,
				95B5F52A26AADE4B00BDCE89 /* contents.json */,
				95B5F52B26AADE4B00BDCE89 /* Source Contents */,
			);
			path = en.xcloc;
			sourceTree = "<group>";
		};
		95B5F52726AADE4B00BDCE89 /* Localized Contents */ = {
			isa = PBXGroup;
			children = (
				95B5F52826AADE4B00BDCE89 /* en.xliff */,
			);
			path = "Localized Contents";
			sourceTree = "<group>";
		};
		95B5F52926AADE4B00BDCE89 /* Notes */ = {
			isa = PBXGroup;
			children = (
			);
			path = Notes;
			sourceTree = "<group>";
		};
		95B5F52B26AADE4B00BDCE89 /* Source Contents */ = {
			isa = PBXGroup;
			children = (
				95B5F52C26AADE4B00BDCE89 /* Simoleon */,
			);
			path = "Source Contents";
			sourceTree = "<group>";
		};
		95B5F52C26AADE4B00BDCE89 /* Simoleon */ = {
			isa = PBXGroup;
			children = (
				95B5F52D26AADE4B00BDCE89 /* Localizable.strings */,
				95B5F52F26AADE4B00BDCE89 /* InfoPlist.strings */,
			);
			path = Simoleon;
			sourceTree = "<group>";
		};
		95C5B21B2697752600941585 = {
			isa = PBXGroup;
			children = (
				9585BB1026A6B5ED00E3193E /* ConfigTemplate.xcconfig */,
				9585BB0F26A6B58500E3193E /* Config.xcconfig */,
				95B5F52526AADE4B00BDCE89 /* Localisation */,
				95C5B2262697752600941585 /* Simoleon */,
				95C5B23D2697752700941585 /* SimoleonTests */,
				95C5B2482697752700941585 /* SimoleonUITests */,
				95C5B2252697752600941585 /* Products */,
				95E76438269E0037008E9F31 /* Frameworks */,
			);
			sourceTree = "<group>";
		};
		95C5B2252697752600941585 /* Products */ = {
			isa = PBXGroup;
			children = (
				95C5B2242697752600941585 /* Simoleon.app */,
				95C5B23A2697752700941585 /* SimoleonTests.xctest */,
				95C5B2452697752700941585 /* SimoleonUITests.xctest */,
			);
			name = Products;
			sourceTree = "<group>";
		};
		95C5B2262697752600941585 /* Simoleon */ = {
			isa = PBXGroup;
			children = (
				95E76437269E0033008E9F31 /* Simoleon.entitlements */,
				95C5B2272697752600941585 /* SimoleonApp.swift */,
				95AEBC9426A03ECB00613729 /* ContentView.swift */,
				95B54F4E26A4AC52001DC0D8 /* ContentViewPad.swift */,
				95B54F4326A4842C001DC0D8 /* Conversion.swift */,
				95C5179E26A5F34200BC2B24 /* Favourites.swift */,
				957065E126A5FE0400523E68 /* Settings.swift */,
				95D8C8C626A95D2900BCC188 /* Subscription.swift */,
				95C5B22B2697752700941585 /* Assets.xcassets */,
				95C5B2302697752700941585 /* Persistence.swift */,
				95C5B2352697752700941585 /* Info.plist */,
				95C5B2322697752700941585 /* Simoleon.xcdatamodeld */,
				95E76435269DFC1A008E9F31 /* LaunchScreen.storyboard */,
				95FE659A269AFB44008745DE /* Helpers */,
				95559331269B094A000FD726 /* Models */,
				95559338269B0AAA000FD726 /* Functions */,
				9555933B269B0DF9000FD726 /* Resources */,
				95C5B22D2697752700941585 /* Preview Content */,
				95562D5326A8B0A70047E778 /* Tests */,
			);
			path = Simoleon;
			sourceTree = "<group>";
		};
		95C5B22D2697752700941585 /* Preview Content */ = {
			isa = PBXGroup;
			children = (
				95C5B22E2697752700941585 /* Preview Assets.xcassets */,
			);
			path = "Preview Content";
			sourceTree = "<group>";
		};
		95C5B23D2697752700941585 /* SimoleonTests */ = {
			isa = PBXGroup;
			children = (
				95C5B23E2697752700941585 /* SimoleonTests.swift */,
				95C5B2402697752700941585 /* Info.plist */,
			);
			path = SimoleonTests;
			sourceTree = "<group>";
		};
		95C5B2482697752700941585 /* SimoleonUITests */ = {
			isa = PBXGroup;
			children = (
				95C5B2492697752700941585 /* SimoleonUITests.swift */,
				95C5B24B2697752700941585 /* Info.plist */,
			);
			path = SimoleonUITests;
			sourceTree = "<group>";
		};
		95E76438269E0037008E9F31 /* Frameworks */ = {
			isa = PBXGroup;
			children = (
				95562D4C26A8962A0047E778 /* StoreKit.framework */,
				95E76439269E0037008E9F31 /* CloudKit.framework */,
			);
			name = Frameworks;
			sourceTree = "<group>";
		};
		95FE659A269AFB44008745DE /* Helpers */ = {
			isa = PBXGroup;
			children = (
				95B54F4526A48852001DC0D8 /* CurrencySelector.swift */,
				95AEBC9C26A04D4600613729 /* CurrencyRow.swift */,
				95B54F4926A4A450001DC0D8 /* ConversionBox.swift */,
				95B54F5026A4ACAC001DC0D8 /* Sidebar.swift */,
				95C5179026A5DC8E00BC2B24 /* ConditionalWrapper.swift */,
				95C5179826A5EC9F00BC2B24 /* FavouriteButton.swift */,
				95C517A026A5F6C000BC2B24 /* ResignKeyboard.swift */,
				95D8C8CC26A9784500BCC188 /* SubscribeButton.swift */,
				95D8C8CE26A98A7900BCC188 /* RestoreButton.swift */,
				95D8C8D026A9BC6200BCC188 /* LockedCurrencyPicker.swift */,
				95D8C8D226A9C17300BCC188 /* SubscriptionController.swift */,
				95D8C8D426A9E20F00BCC188 /* SubscriberInfo.swift */,
			);
			path = Helpers;
			sourceTree = "<group>";
		};
/* End PBXGroup section */

/* Begin PBXNativeTarget section */
		95C5B2232697752600941585 /* Simoleon */ = {
			isa = PBXNativeTarget;
			buildConfigurationList = 95C5B24E2697752700941585 /* Build configuration list for PBXNativeTarget "Simoleon" */;
			buildPhases = (
				95C5B2202697752600941585 /* Sources */,
				95C5B2212697752600941585 /* Frameworks */,
				95C5B2222697752600941585 /* Resources */,
			);
			buildRules = (
			);
			dependencies = (
			);
			name = Simoleon;
			packageProductDependencies = (
				95562D5126A8AEF60047E778 /* Purchases */,
			);
			productName = Simoleon;
			productReference = 95C5B2242697752600941585 /* Simoleon.app */;
			productType = "com.apple.product-type.application";
		};
		95C5B2392697752700941585 /* SimoleonTests */ = {
			isa = PBXNativeTarget;
			buildConfigurationList = 95C5B2512697752700941585 /* Build configuration list for PBXNativeTarget "SimoleonTests" */;
			buildPhases = (
				95C5B2362697752700941585 /* Sources */,
				95C5B2372697752700941585 /* Frameworks */,
				95C5B2382697752700941585 /* Resources */,
			);
			buildRules = (
			);
			dependencies = (
				95C5B23C2697752700941585 /* PBXTargetDependency */,
			);
			name = SimoleonTests;
			productName = SimoleonTests;
			productReference = 95C5B23A2697752700941585 /* SimoleonTests.xctest */;
			productType = "com.apple.product-type.bundle.unit-test";
		};
		95C5B2442697752700941585 /* SimoleonUITests */ = {
			isa = PBXNativeTarget;
			buildConfigurationList = 95C5B2542697752700941585 /* Build configuration list for PBXNativeTarget "SimoleonUITests" */;
			buildPhases = (
				95C5B2412697752700941585 /* Sources */,
				95C5B2422697752700941585 /* Frameworks */,
				95C5B2432697752700941585 /* Resources */,
			);
			buildRules = (
			);
			dependencies = (
				95C5B2472697752700941585 /* PBXTargetDependency */,
			);
			name = SimoleonUITests;
			productName = SimoleonUITests;
			productReference = 95C5B2452697752700941585 /* SimoleonUITests.xctest */;
			productType = "com.apple.product-type.bundle.ui-testing";
		};
/* End PBXNativeTarget section */

/* Begin PBXProject section */
		95C5B21C2697752600941585 /* Project object */ = {
			isa = PBXProject;
			attributes = {
				LastSwiftUpdateCheck = 1250;
				LastUpgradeCheck = 1250;
				TargetAttributes = {
					95C5B2232697752600941585 = {
						CreatedOnToolsVersion = 12.5.1;
					};
					95C5B2392697752700941585 = {
						CreatedOnToolsVersion = 12.5.1;
						TestTargetID = 95C5B2232697752600941585;
					};
					95C5B2442697752700941585 = {
						CreatedOnToolsVersion = 12.5.1;
						TestTargetID = 95C5B2232697752600941585;
					};
				};
			};
			buildConfigurationList = 95C5B21F2697752600941585 /* Build configuration list for PBXProject "Simoleon" */;
			compatibilityVersion = "Xcode 9.3";
			developmentRegion = en;
			hasScannedForEncodings = 0;
			knownRegions = (
				en,
				es,
				Base,
			);
			mainGroup = 95C5B21B2697752600941585;
			packageReferences = (
				95562D5026A8AEF60047E778 /* XCRemoteSwiftPackageReference "purchases-ios" */,
			);
			productRefGroup = 95C5B2252697752600941585 /* Products */;
			projectDirPath = "";
			projectRoot = "";
			targets = (
				95C5B2232697752600941585 /* Simoleon */,
				95C5B2392697752700941585 /* SimoleonTests */,
				95C5B2442697752700941585 /* SimoleonUITests */,
			);
		};
/* End PBXProject section */

/* Begin PBXResourcesBuildPhase section */
		95C5B2222697752600941585 /* Resources */ = {
			isa = PBXResourcesBuildPhase;
			buildActionMask = 2147483647;
			files = (
				95DD4ABB269B33810027CA1F /* CurrencyPairs.json in Resources */,
				95C5B22F2697752700941585 /* Preview Assets.xcassets in Resources */,
				95E76436269DFC1A008E9F31 /* LaunchScreen.storyboard in Resources */,
				9555933D269B0E0A000FD726 /* CurrencyMetadata.json in Resources */,
				95B5F53126AADE4B00BDCE89 /* en.xliff in Resources */,
				95B5F53326AADE4B00BDCE89 /* Localizable.strings in Resources */,
				95B5F53226AADE4B00BDCE89 /* contents.json in Resources */,
				95B5F53426AADE4B00BDCE89 /* InfoPlist.strings in Resources */,
				95C5B22C2697752700941585 /* Assets.xcassets in Resources */,
			);
			runOnlyForDeploymentPostprocessing = 0;
		};
		95C5B2382697752700941585 /* Resources */ = {
			isa = PBXResourcesBuildPhase;
			buildActionMask = 2147483647;
			files = (
			);
			runOnlyForDeploymentPostprocessing = 0;
		};
		95C5B2432697752700941585 /* Resources */ = {
			isa = PBXResourcesBuildPhase;
			buildActionMask = 2147483647;
			files = (
			);
			runOnlyForDeploymentPostprocessing = 0;
		};
/* End PBXResourcesBuildPhase section */

/* Begin PBXSourcesBuildPhase section */
		95C5B2202697752600941585 /* Sources */ = {
			isa = PBXSourcesBuildPhase;
			buildActionMask = 2147483647;
			files = (
				95D8C8D326A9C17300BCC188 /* SubscriptionController.swift in Sources */,
				95C5179926A5EC9F00BC2B24 /* FavouriteButton.swift in Sources */,
				95C5179C26A5EFBE00BC2B24 /* Favourite+CoreDataClass.swift in Sources */,
				950A377826A820F800CAB175 /* DefaultCurrency+CoreDataClass.swift in Sources */,
				95C5B2312697752700941585 /* Persistence.swift in Sources */,
				9585BB1226A6B71B00E3193E /* ReadConfig.swift in Sources */,
				95AEBC9526A03ECB00613729 /* ContentView.swift in Sources */,
				95AEBC9B26A04A4200613729 /* CurrencyMetadataModel.swift in Sources */,
				95D8C8D526A9E20F00BCC188 /* SubscriberInfo.swift in Sources */,
				95D8C8CD26A9784500BCC188 /* SubscribeButton.swift in Sources */,
				950A377726A820F800CAB175 /* DefaultCurrency+CoreDataProperties.swift in Sources */,
				9585BB1A26A6E8FD00E3193E /* SimpleSuccess.swift in Sources */,
				9555933A269B0AB8000FD726 /* ParseJson.swift in Sources */,
				95D8C8CF26A98A7900BCC188 /* RestoreButton.swift in Sources */,
				95C5179D26A5EFBE00BC2B24 /* Favourite+CoreDataProperties.swift in Sources */,
				95C5179F26A5F34200BC2B24 /* Favourites.swift in Sources */,
				95C5B2282697752600941585 /* SimoleonApp.swift in Sources */,
				95562D5526A8B0B70047E778 /* RevenueCatTest.swift in Sources */,
				95B54F4A26A4A450001DC0D8 /* ConversionBox.swift in Sources */,
				95D8C8C726A95D2900BCC188 /* Subscription.swift in Sources */,
				95D8C8D126A9BC6200BCC188 /* LockedCurrencyPicker.swift in Sources */,
				95C517A126A5F6C000BC2B24 /* ResignKeyboard.swift in Sources */,
				95AEBC9D26A04D4600613729 /* CurrencyRow.swift in Sources */,
				95AEBCA326A0900E00613729 /* CurrencyQuoteModel.swift in Sources */,
				95B54F4F26A4AC52001DC0D8 /* ContentViewPad.swift in Sources */,
				9585BB1426A6B7F400E3193E /* Request.swift in Sources */,
				957065E226A5FE0400523E68 /* Settings.swift in Sources */,
				95B54F4426A4842C001DC0D8 /* Conversion.swift in Sources */,
				95C5B2342697752700941585 /* Simoleon.xcdatamodeld in Sources */,
				95C5179126A5DC8E00BC2B24 /* ConditionalWrapper.swift in Sources */,
				95B54F5126A4ACAC001DC0D8 /* Sidebar.swift in Sources */,
				95B54F4626A48852001DC0D8 /* CurrencySelector.swift in Sources */,
			);
			runOnlyForDeploymentPostprocessing = 0;
		};
		95C5B2362697752700941585 /* Sources */ = {
			isa = PBXSourcesBuildPhase;
			buildActionMask = 2147483647;
			files = (
				95C5B23F2697752700941585 /* SimoleonTests.swift in Sources */,
			);
			runOnlyForDeploymentPostprocessing = 0;
		};
		95C5B2412697752700941585 /* Sources */ = {
			isa = PBXSourcesBuildPhase;
			buildActionMask = 2147483647;
			files = (
				95C5B24A2697752700941585 /* SimoleonUITests.swift in Sources */,
			);
			runOnlyForDeploymentPostprocessing = 0;
		};
/* End PBXSourcesBuildPhase section */

/* Begin PBXTargetDependency section */
		95C5B23C2697752700941585 /* PBXTargetDependency */ = {
			isa = PBXTargetDependency;
			target = 95C5B2232697752600941585 /* Simoleon */;
			targetProxy = 95C5B23B2697752700941585 /* PBXContainerItemProxy */;
		};
		95C5B2472697752700941585 /* PBXTargetDependency */ = {
			isa = PBXTargetDependency;
			target = 95C5B2232697752600941585 /* Simoleon */;
			targetProxy = 95C5B2462697752700941585 /* PBXContainerItemProxy */;
		};
/* End PBXTargetDependency section */

/* Begin PBXVariantGroup section */
		95B5F52D26AADE4B00BDCE89 /* Localizable.strings */ = {
			isa = PBXVariantGroup;
			children = (
				95B5F52E26AADE4B00BDCE89 /* en */,
				95B5F53526AADE5200BDCE89 /* es */,
			);
			name = Localizable.strings;
			sourceTree = "<group>";
		};
		95B5F52F26AADE4B00BDCE89 /* InfoPlist.strings */ = {
			isa = PBXVariantGroup;
			children = (
				95B5F53026AADE4B00BDCE89 /* en */,
				95B5F53626AADE5500BDCE89 /* es */,
			);
			name = InfoPlist.strings;
			sourceTree = "<group>";
		};
/* End PBXVariantGroup section */

/* Begin XCBuildConfiguration section */
		95C5B24C2697752700941585 /* Debug */ = {
			isa = XCBuildConfiguration;
			buildSettings = {
				ALWAYS_SEARCH_USER_PATHS = NO;
				CLANG_ANALYZER_LOCALIZABILITY_NONLOCALIZED = YES;
				CLANG_ANALYZER_NONNULL = YES;
				CLANG_ANALYZER_NUMBER_OBJECT_CONVERSION = YES_AGGRESSIVE;
				CLANG_CXX_LANGUAGE_STANDARD = "gnu++14";
				CLANG_CXX_LIBRARY = "libc++";
				CLANG_ENABLE_MODULES = YES;
				CLANG_ENABLE_OBJC_ARC = YES;
				CLANG_ENABLE_OBJC_WEAK = YES;
				CLANG_WARN_BLOCK_CAPTURE_AUTORELEASING = YES;
				CLANG_WARN_BOOL_CONVERSION = YES;
				CLANG_WARN_COMMA = YES;
				CLANG_WARN_CONSTANT_CONVERSION = YES;
				CLANG_WARN_DEPRECATED_OBJC_IMPLEMENTATIONS = YES;
				CLANG_WARN_DIRECT_OBJC_ISA_USAGE = YES_ERROR;
				CLANG_WARN_DOCUMENTATION_COMMENTS = YES;
				CLANG_WARN_EMPTY_BODY = YES;
				CLANG_WARN_ENUM_CONVERSION = YES;
				CLANG_WARN_INFINITE_RECURSION = YES;
				CLANG_WARN_INT_CONVERSION = YES;
				CLANG_WARN_NON_LITERAL_NULL_CONVERSION = YES;
				CLANG_WARN_OBJC_IMPLICIT_RETAIN_SELF = YES;
				CLANG_WARN_OBJC_LITERAL_CONVERSION = YES;
				CLANG_WARN_OBJC_ROOT_CLASS = YES_ERROR;
				CLANG_WARN_QUOTED_INCLUDE_IN_FRAMEWORK_HEADER = YES;
				CLANG_WARN_RANGE_LOOP_ANALYSIS = YES;
				CLANG_WARN_STRICT_PROTOTYPES = YES;
				CLANG_WARN_SUSPICIOUS_MOVE = YES;
				CLANG_WARN_UNGUARDED_AVAILABILITY = YES_AGGRESSIVE;
				CLANG_WARN_UNREACHABLE_CODE = YES;
				CLANG_WARN__DUPLICATE_METHOD_MATCH = YES;
				COPY_PHASE_STRIP = NO;
				DEBUG_INFORMATION_FORMAT = dwarf;
				ENABLE_STRICT_OBJC_MSGSEND = YES;
				ENABLE_TESTABILITY = YES;
				GCC_C_LANGUAGE_STANDARD = gnu11;
				GCC_DYNAMIC_NO_PIC = NO;
				GCC_NO_COMMON_BLOCKS = YES;
				GCC_OPTIMIZATION_LEVEL = 0;
				GCC_PREPROCESSOR_DEFINITIONS = (
					"DEBUG=1",
					"$(inherited)",
				);
				GCC_WARN_64_TO_32_BIT_CONVERSION = YES;
				GCC_WARN_ABOUT_RETURN_TYPE = YES_ERROR;
				GCC_WARN_UNDECLARED_SELECTOR = YES;
				GCC_WARN_UNINITIALIZED_AUTOS = YES_AGGRESSIVE;
				GCC_WARN_UNUSED_FUNCTION = YES;
				GCC_WARN_UNUSED_VARIABLE = YES;
				IPHONEOS_DEPLOYMENT_TARGET = 14.5;
				MTL_ENABLE_DEBUG_INFO = INCLUDE_SOURCE;
				MTL_FAST_MATH = YES;
				ONLY_ACTIVE_ARCH = YES;
				SDKROOT = iphoneos;
				SWIFT_ACTIVE_COMPILATION_CONDITIONS = DEBUG;
				SWIFT_OPTIMIZATION_LEVEL = "-Onone";
			};
			name = Debug;
		};
		95C5B24D2697752700941585 /* Release */ = {
			isa = XCBuildConfiguration;
			baseConfigurationReference = 9585BB0F26A6B58500E3193E /* Config.xcconfig */;
			buildSettings = {
				ALWAYS_SEARCH_USER_PATHS = NO;
				CLANG_ANALYZER_LOCALIZABILITY_NONLOCALIZED = YES;
				CLANG_ANALYZER_NONNULL = YES;
				CLANG_ANALYZER_NUMBER_OBJECT_CONVERSION = YES_AGGRESSIVE;
				CLANG_CXX_LANGUAGE_STANDARD = "gnu++14";
				CLANG_CXX_LIBRARY = "libc++";
				CLANG_ENABLE_MODULES = YES;
				CLANG_ENABLE_OBJC_ARC = YES;
				CLANG_ENABLE_OBJC_WEAK = YES;
				CLANG_WARN_BLOCK_CAPTURE_AUTORELEASING = YES;
				CLANG_WARN_BOOL_CONVERSION = YES;
				CLANG_WARN_COMMA = YES;
				CLANG_WARN_CONSTANT_CONVERSION = YES;
				CLANG_WARN_DEPRECATED_OBJC_IMPLEMENTATIONS = YES;
				CLANG_WARN_DIRECT_OBJC_ISA_USAGE = YES_ERROR;
				CLANG_WARN_DOCUMENTATION_COMMENTS = YES;
				CLANG_WARN_EMPTY_BODY = YES;
				CLANG_WARN_ENUM_CONVERSION = YES;
				CLANG_WARN_INFINITE_RECURSION = YES;
				CLANG_WARN_INT_CONVERSION = YES;
				CLANG_WARN_NON_LITERAL_NULL_CONVERSION = YES;
				CLANG_WARN_OBJC_IMPLICIT_RETAIN_SELF = YES;
				CLANG_WARN_OBJC_LITERAL_CONVERSION = YES;
				CLANG_WARN_OBJC_ROOT_CLASS = YES_ERROR;
				CLANG_WARN_QUOTED_INCLUDE_IN_FRAMEWORK_HEADER = YES;
				CLANG_WARN_RANGE_LOOP_ANALYSIS = YES;
				CLANG_WARN_STRICT_PROTOTYPES = YES;
				CLANG_WARN_SUSPICIOUS_MOVE = YES;
				CLANG_WARN_UNGUARDED_AVAILABILITY = YES_AGGRESSIVE;
				CLANG_WARN_UNREACHABLE_CODE = YES;
				CLANG_WARN__DUPLICATE_METHOD_MATCH = YES;
				COPY_PHASE_STRIP = NO;
				DEBUG_INFORMATION_FORMAT = "dwarf-with-dsym";
				ENABLE_NS_ASSERTIONS = NO;
				ENABLE_STRICT_OBJC_MSGSEND = YES;
				GCC_C_LANGUAGE_STANDARD = gnu11;
				GCC_NO_COMMON_BLOCKS = YES;
				GCC_WARN_64_TO_32_BIT_CONVERSION = YES;
				GCC_WARN_ABOUT_RETURN_TYPE = YES_ERROR;
				GCC_WARN_UNDECLARED_SELECTOR = YES;
				GCC_WARN_UNINITIALIZED_AUTOS = YES_AGGRESSIVE;
				GCC_WARN_UNUSED_FUNCTION = YES;
				GCC_WARN_UNUSED_VARIABLE = YES;
				IPHONEOS_DEPLOYMENT_TARGET = 14.5;
				MTL_ENABLE_DEBUG_INFO = NO;
				MTL_FAST_MATH = YES;
				SDKROOT = iphoneos;
				SWIFT_COMPILATION_MODE = wholemodule;
				SWIFT_OPTIMIZATION_LEVEL = "-O";
				VALIDATE_PRODUCT = YES;
			};
			name = Release;
		};
		95C5B24F2697752700941585 /* Debug */ = {
			isa = XCBuildConfiguration;
			baseConfigurationReference = 9585BB0F26A6B58500E3193E /* Config.xcconfig */;
			buildSettings = {
				ASSETCATALOG_COMPILER_APPICON_NAME = AppIcon;
				ASSETCATALOG_COMPILER_GLOBAL_ACCENT_COLOR_NAME = AccentColor;
				CODE_SIGN_ENTITLEMENTS = Simoleon/Simoleon.entitlements;
				CODE_SIGN_STYLE = Automatic;
				CURRENT_PROJECT_VERSION = 7;
				DEVELOPMENT_ASSET_PATHS = "\"Simoleon/Preview Content\"";
				DEVELOPMENT_TEAM = MTX83R5H8X;
				ENABLE_PREVIEWS = YES;
				INFOPLIST_FILE = Simoleon/Info.plist;
				IPHONEOS_DEPLOYMENT_TARGET = 14.0;
				LD_RUNPATH_SEARCH_PATHS = (
					"$(inherited)",
					"@executable_path/Frameworks",
				);
				MARKETING_VERSION = 1.2;
				PRODUCT_BUNDLE_IDENTIFIER = io.dennistech.Simoleon;
				PRODUCT_NAME = "$(TARGET_NAME)";
				SWIFT_VERSION = 5.0;
				TARGETED_DEVICE_FAMILY = "1,2";
			};
			name = Debug;
		};
		95C5B2502697752700941585 /* Release */ = {
			isa = XCBuildConfiguration;
			buildSettings = {
				ASSETCATALOG_COMPILER_APPICON_NAME = AppIcon;
				ASSETCATALOG_COMPILER_GLOBAL_ACCENT_COLOR_NAME = AccentColor;
				CODE_SIGN_ENTITLEMENTS = Simoleon/Simoleon.entitlements;
				CODE_SIGN_STYLE = Automatic;
				CURRENT_PROJECT_VERSION = 7;
				DEVELOPMENT_ASSET_PATHS = "\"Simoleon/Preview Content\"";
				DEVELOPMENT_TEAM = MTX83R5H8X;
				ENABLE_PREVIEWS = YES;
				INFOPLIST_FILE = Simoleon/Info.plist;
				IPHONEOS_DEPLOYMENT_TARGET = 14.0;
				LD_RUNPATH_SEARCH_PATHS = (
					"$(inherited)",
					"@executable_path/Frameworks",
				);
				MARKETING_VERSION = 1.2;
				PRODUCT_BUNDLE_IDENTIFIER = io.dennistech.Simoleon;
				PRODUCT_NAME = "$(TARGET_NAME)";
				SWIFT_VERSION = 5.0;
				TARGETED_DEVICE_FAMILY = "1,2";
			};
			name = Release;
		};
		95C5B2522697752700941585 /* Debug */ = {
			isa = XCBuildConfiguration;
			buildSettings = {
				ALWAYS_EMBED_SWIFT_STANDARD_LIBRARIES = YES;
				BUNDLE_LOADER = "$(TEST_HOST)";
				CODE_SIGN_STYLE = Automatic;
				DEVELOPMENT_TEAM = MTX83R5H8X;
				INFOPLIST_FILE = SimoleonTests/Info.plist;
				IPHONEOS_DEPLOYMENT_TARGET = 14.0;
				LD_RUNPATH_SEARCH_PATHS = (
					"$(inherited)",
					"@executable_path/Frameworks",
					"@loader_path/Frameworks",
				);
				PRODUCT_BUNDLE_IDENTIFIER = io.dennistech.SimoleonTests;
				PRODUCT_NAME = "$(TARGET_NAME)";
				SWIFT_VERSION = 5.0;
				TARGETED_DEVICE_FAMILY = "1,2";
				TEST_HOST = "$(BUILT_PRODUCTS_DIR)/Simoleon.app/Simoleon";
			};
			name = Debug;
		};
		95C5B2532697752700941585 /* Release */ = {
			isa = XCBuildConfiguration;
			buildSettings = {
				ALWAYS_EMBED_SWIFT_STANDARD_LIBRARIES = YES;
				BUNDLE_LOADER = "$(TEST_HOST)";
				CODE_SIGN_STYLE = Automatic;
				DEVELOPMENT_TEAM = MTX83R5H8X;
				INFOPLIST_FILE = SimoleonTests/Info.plist;
				IPHONEOS_DEPLOYMENT_TARGET = 14.0;
				LD_RUNPATH_SEARCH_PATHS = (
					"$(inherited)",
					"@executable_path/Frameworks",
					"@loader_path/Frameworks",
				);
				PRODUCT_BUNDLE_IDENTIFIER = io.dennistech.SimoleonTests;
				PRODUCT_NAME = "$(TARGET_NAME)";
				SWIFT_VERSION = 5.0;
				TARGETED_DEVICE_FAMILY = "1,2";
				TEST_HOST = "$(BUILT_PRODUCTS_DIR)/Simoleon.app/Simoleon";
			};
			name = Release;
		};
		95C5B2552697752700941585 /* Debug */ = {
			isa = XCBuildConfiguration;
			buildSettings = {
				ALWAYS_EMBED_SWIFT_STANDARD_LIBRARIES = YES;
				CODE_SIGN_STYLE = Automatic;
				DEVELOPMENT_TEAM = MTX83R5H8X;
				INFOPLIST_FILE = SimoleonUITests/Info.plist;
				LD_RUNPATH_SEARCH_PATHS = (
					"$(inherited)",
					"@executable_path/Frameworks",
					"@loader_path/Frameworks",
				);
				PRODUCT_BUNDLE_IDENTIFIER = io.dennistech.SimoleonUITests;
				PRODUCT_NAME = "$(TARGET_NAME)";
				SWIFT_VERSION = 5.0;
				TARGETED_DEVICE_FAMILY = "1,2";
				TEST_TARGET_NAME = Simoleon;
			};
			name = Debug;
		};
		95C5B2562697752700941585 /* Release */ = {
			isa = XCBuildConfiguration;
			buildSettings = {
				ALWAYS_EMBED_SWIFT_STANDARD_LIBRARIES = YES;
				CODE_SIGN_STYLE = Automatic;
				DEVELOPMENT_TEAM = MTX83R5H8X;
				INFOPLIST_FILE = SimoleonUITests/Info.plist;
				LD_RUNPATH_SEARCH_PATHS = (
					"$(inherited)",
					"@executable_path/Frameworks",
					"@loader_path/Frameworks",
				);
				PRODUCT_BUNDLE_IDENTIFIER = io.dennistech.SimoleonUITests;
				PRODUCT_NAME = "$(TARGET_NAME)";
				SWIFT_VERSION = 5.0;
				TARGETED_DEVICE_FAMILY = "1,2";
				TEST_TARGET_NAME = Simoleon;
			};
			name = Release;
		};
/* End XCBuildConfiguration section */

/* Begin XCConfigurationList section */
		95C5B21F2697752600941585 /* Build configuration list for PBXProject "Simoleon" */ = {
			isa = XCConfigurationList;
			buildConfigurations = (
				95C5B24C2697752700941585 /* Debug */,
				95C5B24D2697752700941585 /* Release */,
			);
			defaultConfigurationIsVisible = 0;
			defaultConfigurationName = Release;
		};
		95C5B24E2697752700941585 /* Build configuration list for PBXNativeTarget "Simoleon" */ = {
			isa = XCConfigurationList;
			buildConfigurations = (
				95C5B24F2697752700941585 /* Debug */,
				95C5B2502697752700941585 /* Release */,
			);
			defaultConfigurationIsVisible = 0;
			defaultConfigurationName = Release;
		};
		95C5B2512697752700941585 /* Build configuration list for PBXNativeTarget "SimoleonTests" */ = {
			isa = XCConfigurationList;
			buildConfigurations = (
				95C5B2522697752700941585 /* Debug */,
				95C5B2532697752700941585 /* Release */,
			);
			defaultConfigurationIsVisible = 0;
			defaultConfigurationName = Release;
		};
		95C5B2542697752700941585 /* Build configuration list for PBXNativeTarget "SimoleonUITests" */ = {
			isa = XCConfigurationList;
			buildConfigurations = (
				95C5B2552697752700941585 /* Debug */,
				95C5B2562697752700941585 /* Release */,
			);
			defaultConfigurationIsVisible = 0;
			defaultConfigurationName = Release;
		};
/* End XCConfigurationList section */

/* Begin XCRemoteSwiftPackageReference section */
		95562D5026A8AEF60047E778 /* XCRemoteSwiftPackageReference "purchases-ios" */ = {
			isa = XCRemoteSwiftPackageReference;
			repositoryURL = "https://github.com/RevenueCat/purchases-ios.git";
			requirement = {
				kind = upToNextMajorVersion;
				minimumVersion = 3.12.2;
			};
		};
/* End XCRemoteSwiftPackageReference section */

/* Begin XCSwiftPackageProductDependency section */
		95562D5126A8AEF60047E778 /* Purchases */ = {
			isa = XCSwiftPackageProductDependency;
			package = 95562D5026A8AEF60047E778 /* XCRemoteSwiftPackageReference "purchases-ios" */;
			productName = Purchases;
		};
/* End XCSwiftPackageProductDependency section */

/* Begin XCVersionGroup section */
		95C5B2322697752700941585 /* Simoleon.xcdatamodeld */ = {
			isa = XCVersionGroup;
			children = (
				95C5B2332697752700941585 /* Simoleon.xcdatamodel */,
			);
			currentVersion = 95C5B2332697752700941585 /* Simoleon.xcdatamodel */;
			path = Simoleon.xcdatamodeld;
			sourceTree = "<group>";
			versionGroupType = wrapper.xcdatamodel;
		};
/* End XCVersionGroup section */
	};
	rootObject = 95C5B21C2697752600941585 /* Project object */;
}
