// !$*UTF8*$!
{
	archiveVersion = 1;
	classes = {
	};
	objectVersion = 55;
	objects = {

/* Begin PBXBuildFile section */
		9511E2CA2760B72B005EEE8D /* simoleonApp.swift in Sources */ = {isa = PBXBuildFile; fileRef = 9511E2C92760B72B005EEE8D /* simoleonApp.swift */; };
		9511E2CC2760B72B005EEE8D /* ContentView.swift in Sources */ = {isa = PBXBuildFile; fileRef = 9511E2CB2760B72B005EEE8D /* ContentView.swift */; };
		9511E2CE2760B72C005EEE8D /* Assets.xcassets in Resources */ = {isa = PBXBuildFile; fileRef = 9511E2CD2760B72C005EEE8D /* Assets.xcassets */; };
		9511E2D12760B72C005EEE8D /* Preview Assets.xcassets in Resources */ = {isa = PBXBuildFile; fileRef = 9511E2D02760B72C005EEE8D /* Preview Assets.xcassets */; };
		9511E2D32760B72C005EEE8D /* Persistence.swift in Sources */ = {isa = PBXBuildFile; fileRef = 9511E2D22760B72C005EEE8D /* Persistence.swift */; };
		9511E2D62760B72C005EEE8D /* simoleon.xcdatamodeld in Sources */ = {isa = PBXBuildFile; fileRef = 9511E2D42760B72C005EEE8D /* simoleon.xcdatamodeld */; };
		9511E2E02760B72C005EEE8D /* simoleonTests.swift in Sources */ = {isa = PBXBuildFile; fileRef = 9511E2DF2760B72C005EEE8D /* simoleonTests.swift */; };
		9511E2EA2760B72C005EEE8D /* simoleonUITests.swift in Sources */ = {isa = PBXBuildFile; fileRef = 9511E2E92760B72C005EEE8D /* simoleonUITests.swift */; };
		9511E2EC2760B72C005EEE8D /* simoleonUITestsLaunchTests.swift in Sources */ = {isa = PBXBuildFile; fileRef = 9511E2EB2760B72C005EEE8D /* simoleonUITestsLaunchTests.swift */; };
/* End PBXBuildFile section */

/* Begin PBXContainerItemProxy section */
		9511E2DC2760B72C005EEE8D /* PBXContainerItemProxy */ = {
			isa = PBXContainerItemProxy;
			containerPortal = 9511E2BE2760B72B005EEE8D /* Project object */;
			proxyType = 1;
			remoteGlobalIDString = 9511E2C52760B72B005EEE8D;
			remoteInfo = simoleon;
		};
		9511E2E62760B72C005EEE8D /* PBXContainerItemProxy */ = {
			isa = PBXContainerItemProxy;
			containerPortal = 9511E2BE2760B72B005EEE8D /* Project object */;
			proxyType = 1;
			remoteGlobalIDString = 9511E2C52760B72B005EEE8D;
			remoteInfo = simoleon;
		};
/* End PBXContainerItemProxy section */

/* Begin PBXFileReference section */
		9511E2C62760B72B005EEE8D /* simoleon.app */ = {isa = PBXFileReference; explicitFileType = wrapper.application; includeInIndex = 0; path = simoleon.app; sourceTree = BUILT_PRODUCTS_DIR; };
		9511E2C92760B72B005EEE8D /* simoleonApp.swift */ = {isa = PBXFileReference; lastKnownFileType = sourcecode.swift; path = simoleonApp.swift; sourceTree = "<group>"; };
		9511E2CB2760B72B005EEE8D /* ContentView.swift */ = {isa = PBXFileReference; lastKnownFileType = sourcecode.swift; path = ContentView.swift; sourceTree = "<group>"; };
		9511E2CD2760B72C005EEE8D /* Assets.xcassets */ = {isa = PBXFileReference; lastKnownFileType = folder.assetcatalog; path = Assets.xcassets; sourceTree = "<group>"; };
		9511E2D02760B72C005EEE8D /* Preview Assets.xcassets */ = {isa = PBXFileReference; lastKnownFileType = folder.assetcatalog; path = "Preview Assets.xcassets"; sourceTree = "<group>"; };
		9511E2D22760B72C005EEE8D /* Persistence.swift */ = {isa = PBXFileReference; lastKnownFileType = sourcecode.swift; path = Persistence.swift; sourceTree = "<group>"; };
		9511E2D52760B72C005EEE8D /* simoleon.xcdatamodel */ = {isa = PBXFileReference; lastKnownFileType = wrapper.xcdatamodel; path = simoleon.xcdatamodel; sourceTree = "<group>"; };
		9511E2DB2760B72C005EEE8D /* simoleonTests.xctest */ = {isa = PBXFileReference; explicitFileType = wrapper.cfbundle; includeInIndex = 0; path = simoleonTests.xctest; sourceTree = BUILT_PRODUCTS_DIR; };
		9511E2DF2760B72C005EEE8D /* simoleonTests.swift */ = {isa = PBXFileReference; lastKnownFileType = sourcecode.swift; path = simoleonTests.swift; sourceTree = "<group>"; };
		9511E2E52760B72C005EEE8D /* simoleonUITests.xctest */ = {isa = PBXFileReference; explicitFileType = wrapper.cfbundle; includeInIndex = 0; path = simoleonUITests.xctest; sourceTree = BUILT_PRODUCTS_DIR; };
		9511E2E92760B72C005EEE8D /* simoleonUITests.swift */ = {isa = PBXFileReference; lastKnownFileType = sourcecode.swift; path = simoleonUITests.swift; sourceTree = "<group>"; };
		9511E2EB2760B72C005EEE8D /* simoleonUITestsLaunchTests.swift */ = {isa = PBXFileReference; lastKnownFileType = sourcecode.swift; path = simoleonUITestsLaunchTests.swift; sourceTree = "<group>"; };
/* End PBXFileReference section */

/* Begin PBXFrameworksBuildPhase section */
		9511E2C32760B72B005EEE8D /* Frameworks */ = {
			isa = PBXFrameworksBuildPhase;
			buildActionMask = 2147483647;
			files = (
			);
			runOnlyForDeploymentPostprocessing = 0;
		};
		9511E2D82760B72C005EEE8D /* Frameworks */ = {
			isa = PBXFrameworksBuildPhase;
			buildActionMask = 2147483647;
			files = (
			);
			runOnlyForDeploymentPostprocessing = 0;
		};
		9511E2E22760B72C005EEE8D /* Frameworks */ = {
			isa = PBXFrameworksBuildPhase;
			buildActionMask = 2147483647;
			files = (
			);
			runOnlyForDeploymentPostprocessing = 0;
		};
/* End PBXFrameworksBuildPhase section */

/* Begin PBXGroup section */
		9511E2BD2760B72B005EEE8D = {
			isa = PBXGroup;
			children = (
				9511E2C82760B72B005EEE8D /* simoleon */,
				9511E2DE2760B72C005EEE8D /* simoleonTests */,
				9511E2E82760B72C005EEE8D /* simoleonUITests */,
				9511E2C72760B72B005EEE8D /* Products */,
			);
			sourceTree = "<group>";
		};
		9511E2C72760B72B005EEE8D /* Products */ = {
			isa = PBXGroup;
			children = (
				9511E2C62760B72B005EEE8D /* simoleon.app */,
				9511E2DB2760B72C005EEE8D /* simoleonTests.xctest */,
				9511E2E52760B72C005EEE8D /* simoleonUITests.xctest */,
			);
			name = Products;
			sourceTree = "<group>";
		};
		9511E2C82760B72B005EEE8D /* simoleon */ = {
			isa = PBXGroup;
			children = (
				9511E2C92760B72B005EEE8D /* simoleonApp.swift */,
				9511E2CB2760B72B005EEE8D /* ContentView.swift */,
				9511E2CD2760B72C005EEE8D /* Assets.xcassets */,
				9511E2D22760B72C005EEE8D /* Persistence.swift */,
				9511E2D42760B72C005EEE8D /* simoleon.xcdatamodeld */,
				9511E2CF2760B72C005EEE8D /* Preview Content */,
			);
			path = simoleon;
			sourceTree = "<group>";
		};
		9511E2CF2760B72C005EEE8D /* Preview Content */ = {
			isa = PBXGroup;
			children = (
				9511E2D02760B72C005EEE8D /* Preview Assets.xcassets */,
			);
			path = "Preview Content";
			sourceTree = "<group>";
		};
		9511E2DE2760B72C005EEE8D /* simoleonTests */ = {
			isa = PBXGroup;
			children = (
				9511E2DF2760B72C005EEE8D /* simoleonTests.swift */,
			);
			path = simoleonTests;
			sourceTree = "<group>";
		};
		9511E2E82760B72C005EEE8D /* simoleonUITests */ = {
			isa = PBXGroup;
			children = (
				9511E2E92760B72C005EEE8D /* simoleonUITests.swift */,
				9511E2EB2760B72C005EEE8D /* simoleonUITestsLaunchTests.swift */,
			);
			path = simoleonUITests;
			sourceTree = "<group>";
		};
/* End PBXGroup section */

/* Begin PBXNativeTarget section */
		9511E2C52760B72B005EEE8D /* simoleon */ = {
			isa = PBXNativeTarget;
			buildConfigurationList = 9511E2EF2760B72C005EEE8D /* Build configuration list for PBXNativeTarget "simoleon" */;
			buildPhases = (
				9511E2C22760B72B005EEE8D /* Sources */,
				9511E2C32760B72B005EEE8D /* Frameworks */,
				9511E2C42760B72B005EEE8D /* Resources */,
			);
			buildRules = (
			);
			dependencies = (
			);
			name = simoleon;
			productName = simoleon;
			productReference = 9511E2C62760B72B005EEE8D /* simoleon.app */;
			productType = "com.apple.product-type.application";
		};
		9511E2DA2760B72C005EEE8D /* simoleonTests */ = {
			isa = PBXNativeTarget;
			buildConfigurationList = 9511E2F22760B72C005EEE8D /* Build configuration list for PBXNativeTarget "simoleonTests" */;
			buildPhases = (
				9511E2D72760B72C005EEE8D /* Sources */,
				9511E2D82760B72C005EEE8D /* Frameworks */,
				9511E2D92760B72C005EEE8D /* Resources */,
			);
			buildRules = (
			);
			dependencies = (
				9511E2DD2760B72C005EEE8D /* PBXTargetDependency */,
			);
			name = simoleonTests;
			productName = simoleonTests;
			productReference = 9511E2DB2760B72C005EEE8D /* simoleonTests.xctest */;
			productType = "com.apple.product-type.bundle.unit-test";
		};
		9511E2E42760B72C005EEE8D /* simoleonUITests */ = {
			isa = PBXNativeTarget;
			buildConfigurationList = 9511E2F52760B72C005EEE8D /* Build configuration list for PBXNativeTarget "simoleonUITests" */;
			buildPhases = (
				9511E2E12760B72C005EEE8D /* Sources */,
				9511E2E22760B72C005EEE8D /* Frameworks */,
				9511E2E32760B72C005EEE8D /* Resources */,
			);
			buildRules = (
			);
			dependencies = (
				9511E2E72760B72C005EEE8D /* PBXTargetDependency */,
			);
			name = simoleonUITests;
			productName = simoleonUITests;
			productReference = 9511E2E52760B72C005EEE8D /* simoleonUITests.xctest */;
			productType = "com.apple.product-type.bundle.ui-testing";
		};
/* End PBXNativeTarget section */

/* Begin PBXProject section */
		9511E2BE2760B72B005EEE8D /* Project object */ = {
			isa = PBXProject;
			attributes = {
				BuildIndependentTargetsInParallel = 1;
				LastSwiftUpdateCheck = 1310;
				LastUpgradeCheck = 1310;
				TargetAttributes = {
					9511E2C52760B72B005EEE8D = {
						CreatedOnToolsVersion = 13.1;
					};
					9511E2DA2760B72C005EEE8D = {
						CreatedOnToolsVersion = 13.1;
						TestTargetID = 9511E2C52760B72B005EEE8D;
					};
					9511E2E42760B72C005EEE8D = {
						CreatedOnToolsVersion = 13.1;
						TestTargetID = 9511E2C52760B72B005EEE8D;
					};
				};
			};
			buildConfigurationList = 9511E2C12760B72B005EEE8D /* Build configuration list for PBXProject "simoleon" */;
			compatibilityVersion = "Xcode 13.0";
			developmentRegion = en;
			hasScannedForEncodings = 0;
			knownRegions = (
				en,
				Base,
			);
			mainGroup = 9511E2BD2760B72B005EEE8D;
			productRefGroup = 9511E2C72760B72B005EEE8D /* Products */;
			projectDirPath = "";
			projectRoot = "";
			targets = (
				9511E2C52760B72B005EEE8D /* simoleon */,
				9511E2DA2760B72C005EEE8D /* simoleonTests */,
				9511E2E42760B72C005EEE8D /* simoleonUITests */,
			);
		};
/* End PBXProject section */

/* Begin PBXResourcesBuildPhase section */
		9511E2C42760B72B005EEE8D /* Resources */ = {
			isa = PBXResourcesBuildPhase;
			buildActionMask = 2147483647;
			files = (
				9511E2D12760B72C005EEE8D /* Preview Assets.xcassets in Resources */,
				9511E2CE2760B72C005EEE8D /* Assets.xcassets in Resources */,
			);
			runOnlyForDeploymentPostprocessing = 0;
		};
		9511E2D92760B72C005EEE8D /* Resources */ = {
			isa = PBXResourcesBuildPhase;
			buildActionMask = 2147483647;
			files = (
			);
			runOnlyForDeploymentPostprocessing = 0;
		};
		9511E2E32760B72C005EEE8D /* Resources */ = {
			isa = PBXResourcesBuildPhase;
			buildActionMask = 2147483647;
			files = (
			);
			runOnlyForDeploymentPostprocessing = 0;
		};
/* End PBXResourcesBuildPhase section */

/* Begin PBXSourcesBuildPhase section */
		9511E2C22760B72B005EEE8D /* Sources */ = {
			isa = PBXSourcesBuildPhase;
			buildActionMask = 2147483647;
			files = (
				9511E2D32760B72C005EEE8D /* Persistence.swift in Sources */,
				9511E2CC2760B72B005EEE8D /* ContentView.swift in Sources */,
				9511E2CA2760B72B005EEE8D /* simoleonApp.swift in Sources */,
				9511E2D62760B72C005EEE8D /* simoleon.xcdatamodeld in Sources */,
			);
			runOnlyForDeploymentPostprocessing = 0;
		};
		9511E2D72760B72C005EEE8D /* Sources */ = {
			isa = PBXSourcesBuildPhase;
			buildActionMask = 2147483647;
			files = (
				9511E2E02760B72C005EEE8D /* simoleonTests.swift in Sources */,
			);
			runOnlyForDeploymentPostprocessing = 0;
		};
		9511E2E12760B72C005EEE8D /* Sources */ = {
			isa = PBXSourcesBuildPhase;
			buildActionMask = 2147483647;
			files = (
				9511E2EC2760B72C005EEE8D /* simoleonUITestsLaunchTests.swift in Sources */,
				9511E2EA2760B72C005EEE8D /* simoleonUITests.swift in Sources */,
			);
			runOnlyForDeploymentPostprocessing = 0;
		};
/* End PBXSourcesBuildPhase section */

/* Begin PBXTargetDependency section */
		9511E2DD2760B72C005EEE8D /* PBXTargetDependency */ = {
			isa = PBXTargetDependency;
			target = 9511E2C52760B72B005EEE8D /* simoleon */;
			targetProxy = 9511E2DC2760B72C005EEE8D /* PBXContainerItemProxy */;
		};
		9511E2E72760B72C005EEE8D /* PBXTargetDependency */ = {
			isa = PBXTargetDependency;
			target = 9511E2C52760B72B005EEE8D /* simoleon */;
			targetProxy = 9511E2E62760B72C005EEE8D /* PBXContainerItemProxy */;
		};
/* End PBXTargetDependency section */

/* Begin XCBuildConfiguration section */
		9511E2ED2760B72C005EEE8D /* Debug */ = {
			isa = XCBuildConfiguration;
			buildSettings = {
				ALWAYS_SEARCH_USER_PATHS = NO;
				CLANG_ANALYZER_NONNULL = YES;
				CLANG_ANALYZER_NUMBER_OBJECT_CONVERSION = YES_AGGRESSIVE;
				CLANG_CXX_LANGUAGE_STANDARD = "gnu++17";
				CLANG_CXX_LIBRARY = "libc++";
				CLANG_ENABLE_MODULES = YES;
				CLANG_ENABLE_OBJC_ARC = YES;
				CLANG_ENABLE_OBJC_WEAK = YES;
				CLANG_WARN_BLOCK_CAPTURE_AUTORELEASING = YES;
				CLANG_WARN_BOOL_CONVERSION = YES;
				CLANG_WARN_COMMA = YES;
				CLANG_WARN_CONSTANT_CONVERSION = YES;
				CLANG_WARN_DEPRECATED_OBJC_IMPLEMENTATIONS = YES;
				CLANG_WARN_DIRECT_OBJC_ISA_USAGE = YES_ERROR;
				CLANG_WARN_DOCUMENTATION_COMMENTS = YES;
				CLANG_WARN_EMPTY_BODY = YES;
				CLANG_WARN_ENUM_CONVERSION = YES;
				CLANG_WARN_INFINITE_RECURSION = YES;
				CLANG_WARN_INT_CONVERSION = YES;
				CLANG_WARN_NON_LITERAL_NULL_CONVERSION = YES;
				CLANG_WARN_OBJC_IMPLICIT_RETAIN_SELF = YES;
				CLANG_WARN_OBJC_LITERAL_CONVERSION = YES;
				CLANG_WARN_OBJC_ROOT_CLASS = YES_ERROR;
				CLANG_WARN_QUOTED_INCLUDE_IN_FRAMEWORK_HEADER = YES;
				CLANG_WARN_RANGE_LOOP_ANALYSIS = YES;
				CLANG_WARN_STRICT_PROTOTYPES = YES;
				CLANG_WARN_SUSPICIOUS_MOVE = YES;
				CLANG_WARN_UNGUARDED_AVAILABILITY = YES_AGGRESSIVE;
				CLANG_WARN_UNREACHABLE_CODE = YES;
				CLANG_WARN__DUPLICATE_METHOD_MATCH = YES;
				COPY_PHASE_STRIP = NO;
				DEBUG_INFORMATION_FORMAT = dwarf;
				ENABLE_STRICT_OBJC_MSGSEND = YES;
				ENABLE_TESTABILITY = YES;
				GCC_C_LANGUAGE_STANDARD = gnu11;
				GCC_DYNAMIC_NO_PIC = NO;
				GCC_NO_COMMON_BLOCKS = YES;
				GCC_OPTIMIZATION_LEVEL = 0;
				GCC_PREPROCESSOR_DEFINITIONS = (
					"DEBUG=1",
					"$(inherited)",
				);
				GCC_WARN_64_TO_32_BIT_CONVERSION = YES;
				GCC_WARN_ABOUT_RETURN_TYPE = YES_ERROR;
				GCC_WARN_UNDECLARED_SELECTOR = YES;
				GCC_WARN_UNINITIALIZED_AUTOS = YES_AGGRESSIVE;
				GCC_WARN_UNUSED_FUNCTION = YES;
				GCC_WARN_UNUSED_VARIABLE = YES;
				IPHONEOS_DEPLOYMENT_TARGET = 15.0;
				MTL_ENABLE_DEBUG_INFO = INCLUDE_SOURCE;
				MTL_FAST_MATH = YES;
				ONLY_ACTIVE_ARCH = YES;
				SDKROOT = iphoneos;
				SWIFT_ACTIVE_COMPILATION_CONDITIONS = DEBUG;
				SWIFT_OPTIMIZATION_LEVEL = "-Onone";
			};
			name = Debug;
		};
		9511E2EE2760B72C005EEE8D /* Release */ = {
			isa = XCBuildConfiguration;
			buildSettings = {
				ALWAYS_SEARCH_USER_PATHS = NO;
				CLANG_ANALYZER_NONNULL = YES;
				CLANG_ANALYZER_NUMBER_OBJECT_CONVERSION = YES_AGGRESSIVE;
				CLANG_CXX_LANGUAGE_STANDARD = "gnu++17";
				CLANG_CXX_LIBRARY = "libc++";
				CLANG_ENABLE_MODULES = YES;
				CLANG_ENABLE_OBJC_ARC = YES;
				CLANG_ENABLE_OBJC_WEAK = YES;
				CLANG_WARN_BLOCK_CAPTURE_AUTORELEASING = YES;
				CLANG_WARN_BOOL_CONVERSION = YES;
				CLANG_WARN_COMMA = YES;
				CLANG_WARN_CONSTANT_CONVERSION = YES;
				CLANG_WARN_DEPRECATED_OBJC_IMPLEMENTATIONS = YES;
				CLANG_WARN_DIRECT_OBJC_ISA_USAGE = YES_ERROR;
				CLANG_WARN_DOCUMENTATION_COMMENTS = YES;
				CLANG_WARN_EMPTY_BODY = YES;
				CLANG_WARN_ENUM_CONVERSION = YES;
				CLANG_WARN_INFINITE_RECURSION = YES;
				CLANG_WARN_INT_CONVERSION = YES;
				CLANG_WARN_NON_LITERAL_NULL_CONVERSION = YES;
				CLANG_WARN_OBJC_IMPLICIT_RETAIN_SELF = YES;
				CLANG_WARN_OBJC_LITERAL_CONVERSION = YES;
				CLANG_WARN_OBJC_ROOT_CLASS = YES_ERROR;
				CLANG_WARN_QUOTED_INCLUDE_IN_FRAMEWORK_HEADER = YES;
				CLANG_WARN_RANGE_LOOP_ANALYSIS = YES;
				CLANG_WARN_STRICT_PROTOTYPES = YES;
				CLANG_WARN_SUSPICIOUS_MOVE = YES;
				CLANG_WARN_UNGUARDED_AVAILABILITY = YES_AGGRESSIVE;
				CLANG_WARN_UNREACHABLE_CODE = YES;
				CLANG_WARN__DUPLICATE_METHOD_MATCH = YES;
				COPY_PHASE_STRIP = NO;
				DEBUG_INFORMATION_FORMAT = "dwarf-with-dsym";
				ENABLE_NS_ASSERTIONS = NO;
				ENABLE_STRICT_OBJC_MSGSEND = YES;
				GCC_C_LANGUAGE_STANDARD = gnu11;
				GCC_NO_COMMON_BLOCKS = YES;
				GCC_WARN_64_TO_32_BIT_CONVERSION = YES;
				GCC_WARN_ABOUT_RETURN_TYPE = YES_ERROR;
				GCC_WARN_UNDECLARED_SELECTOR = YES;
				GCC_WARN_UNINITIALIZED_AUTOS = YES_AGGRESSIVE;
				GCC_WARN_UNUSED_FUNCTION = YES;
				GCC_WARN_UNUSED_VARIABLE = YES;
				IPHONEOS_DEPLOYMENT_TARGET = 15.0;
				MTL_ENABLE_DEBUG_INFO = NO;
				MTL_FAST_MATH = YES;
				SDKROOT = iphoneos;
				SWIFT_COMPILATION_MODE = wholemodule;
				SWIFT_OPTIMIZATION_LEVEL = "-O";
				VALIDATE_PRODUCT = YES;
			};
			name = Release;
		};
		9511E2F02760B72C005EEE8D /* Debug */ = {
			isa = XCBuildConfiguration;
			buildSettings = {
				ASSETCATALOG_COMPILER_APPICON_NAME = AppIcon;
				ASSETCATALOG_COMPILER_GLOBAL_ACCENT_COLOR_NAME = AccentColor;
				CODE_SIGN_STYLE = Automatic;
				CURRENT_PROJECT_VERSION = 1;
				DEVELOPMENT_ASSET_PATHS = "\"simoleon/Preview Content\"";
				DEVELOPMENT_TEAM = MTX83R5H8X;
				ENABLE_PREVIEWS = YES;
				GENERATE_INFOPLIST_FILE = YES;
				INFOPLIST_KEY_UIApplicationSceneManifest_Generation = YES;
				INFOPLIST_KEY_UIApplicationSupportsIndirectInputEvents = YES;
				INFOPLIST_KEY_UILaunchScreen_Generation = YES;
				INFOPLIST_KEY_UISupportedInterfaceOrientations_iPad = "UIInterfaceOrientationPortrait UIInterfaceOrientationPortraitUpsideDown UIInterfaceOrientationLandscapeLeft UIInterfaceOrientationLandscapeRight";
				INFOPLIST_KEY_UISupportedInterfaceOrientations_iPhone = "UIInterfaceOrientationPortrait UIInterfaceOrientationLandscapeLeft UIInterfaceOrientationLandscapeRight";
				LD_RUNPATH_SEARCH_PATHS = (
					"$(inherited)",
					"@executable_path/Frameworks",
				);
				MARKETING_VERSION = 1.0;
				PRODUCT_BUNDLE_IDENTIFIER = io.dennistech.simoleon;
				PRODUCT_NAME = "$(TARGET_NAME)";
				SWIFT_EMIT_LOC_STRINGS = YES;
				SWIFT_VERSION = 5.0;
				TARGETED_DEVICE_FAMILY = "1,2";
			};
			name = Debug;
		};
		9511E2F12760B72C005EEE8D /* Release */ = {
			isa = XCBuildConfiguration;
			buildSettings = {
				ASSETCATALOG_COMPILER_APPICON_NAME = AppIcon;
				ASSETCATALOG_COMPILER_GLOBAL_ACCENT_COLOR_NAME = AccentColor;
				CODE_SIGN_STYLE = Automatic;
				CURRENT_PROJECT_VERSION = 1;
				DEVELOPMENT_ASSET_PATHS = "\"simoleon/Preview Content\"";
				DEVELOPMENT_TEAM = MTX83R5H8X;
				ENABLE_PREVIEWS = YES;
				GENERATE_INFOPLIST_FILE = YES;
				INFOPLIST_KEY_UIApplicationSceneManifest_Generation = YES;
				INFOPLIST_KEY_UIApplicationSupportsIndirectInputEvents = YES;
				INFOPLIST_KEY_UILaunchScreen_Generation = YES;
				INFOPLIST_KEY_UISupportedInterfaceOrientations_iPad = "UIInterfaceOrientationPortrait UIInterfaceOrientationPortraitUpsideDown UIInterfaceOrientationLandscapeLeft UIInterfaceOrientationLandscapeRight";
				INFOPLIST_KEY_UISupportedInterfaceOrientations_iPhone = "UIInterfaceOrientationPortrait UIInterfaceOrientationLandscapeLeft UIInterfaceOrientationLandscapeRight";
				LD_RUNPATH_SEARCH_PATHS = (
					"$(inherited)",
					"@executable_path/Frameworks",
				);
				MARKETING_VERSION = 1.0;
				PRODUCT_BUNDLE_IDENTIFIER = io.dennistech.simoleon;
				PRODUCT_NAME = "$(TARGET_NAME)";
				SWIFT_EMIT_LOC_STRINGS = YES;
				SWIFT_VERSION = 5.0;
				TARGETED_DEVICE_FAMILY = "1,2";
			};
			name = Release;
		};
		9511E2F32760B72C005EEE8D /* Debug */ = {
			isa = XCBuildConfiguration;
			buildSettings = {
				ALWAYS_EMBED_SWIFT_STANDARD_LIBRARIES = YES;
				BUNDLE_LOADER = "$(TEST_HOST)";
				CODE_SIGN_STYLE = Automatic;
				CURRENT_PROJECT_VERSION = 1;
				DEVELOPMENT_TEAM = MTX83R5H8X;
				GENERATE_INFOPLIST_FILE = YES;
				IPHONEOS_DEPLOYMENT_TARGET = 15.0;
				LD_RUNPATH_SEARCH_PATHS = (
					"$(inherited)",
					"@executable_path/Frameworks",
					"@loader_path/Frameworks",
				);
				MARKETING_VERSION = 1.0;
				PRODUCT_BUNDLE_IDENTIFIER = io.dennistech.simoleonTests;
				PRODUCT_NAME = "$(TARGET_NAME)";
				SWIFT_EMIT_LOC_STRINGS = NO;
				SWIFT_VERSION = 5.0;
				TARGETED_DEVICE_FAMILY = "1,2";
				TEST_HOST = "$(BUILT_PRODUCTS_DIR)/simoleon.app/simoleon";
			};
			name = Debug;
		};
		9511E2F42760B72C005EEE8D /* Release */ = {
			isa = XCBuildConfiguration;
			buildSettings = {
				ALWAYS_EMBED_SWIFT_STANDARD_LIBRARIES = YES;
				BUNDLE_LOADER = "$(TEST_HOST)";
				CODE_SIGN_STYLE = Automatic;
				CURRENT_PROJECT_VERSION = 1;
				DEVELOPMENT_TEAM = MTX83R5H8X;
				GENERATE_INFOPLIST_FILE = YES;
				IPHONEOS_DEPLOYMENT_TARGET = 15.0;
				LD_RUNPATH_SEARCH_PATHS = (
					"$(inherited)",
					"@executable_path/Frameworks",
					"@loader_path/Frameworks",
				);
				MARKETING_VERSION = 1.0;
				PRODUCT_BUNDLE_IDENTIFIER = io.dennistech.simoleonTests;
				PRODUCT_NAME = "$(TARGET_NAME)";
				SWIFT_EMIT_LOC_STRINGS = NO;
				SWIFT_VERSION = 5.0;
				TARGETED_DEVICE_FAMILY = "1,2";
				TEST_HOST = "$(BUILT_PRODUCTS_DIR)/simoleon.app/simoleon";
			};
			name = Release;
		};
		9511E2F62760B72C005EEE8D /* Debug */ = {
			isa = XCBuildConfiguration;
			buildSettings = {
				ALWAYS_EMBED_SWIFT_STANDARD_LIBRARIES = YES;
				CODE_SIGN_STYLE = Automatic;
				CURRENT_PROJECT_VERSION = 1;
				DEVELOPMENT_TEAM = MTX83R5H8X;
				GENERATE_INFOPLIST_FILE = YES;
				LD_RUNPATH_SEARCH_PATHS = (
					"$(inherited)",
					"@executable_path/Frameworks",
					"@loader_path/Frameworks",
				);
				MARKETING_VERSION = 1.0;
				PRODUCT_BUNDLE_IDENTIFIER = io.dennistech.simoleonUITests;
				PRODUCT_NAME = "$(TARGET_NAME)";
				SWIFT_EMIT_LOC_STRINGS = NO;
				SWIFT_VERSION = 5.0;
				TARGETED_DEVICE_FAMILY = "1,2";
				TEST_TARGET_NAME = simoleon;
			};
			name = Debug;
		};
		9511E2F72760B72C005EEE8D /* Release */ = {
			isa = XCBuildConfiguration;
			buildSettings = {
				ALWAYS_EMBED_SWIFT_STANDARD_LIBRARIES = YES;
				CODE_SIGN_STYLE = Automatic;
				CURRENT_PROJECT_VERSION = 1;
				DEVELOPMENT_TEAM = MTX83R5H8X;
				GENERATE_INFOPLIST_FILE = YES;
				LD_RUNPATH_SEARCH_PATHS = (
					"$(inherited)",
					"@executable_path/Frameworks",
					"@loader_path/Frameworks",
				);
				MARKETING_VERSION = 1.0;
				PRODUCT_BUNDLE_IDENTIFIER = io.dennistech.simoleonUITests;
				PRODUCT_NAME = "$(TARGET_NAME)";
				SWIFT_EMIT_LOC_STRINGS = NO;
				SWIFT_VERSION = 5.0;
				TARGETED_DEVICE_FAMILY = "1,2";
				TEST_TARGET_NAME = simoleon;
			};
			name = Release;
		};
/* End XCBuildConfiguration section */

/* Begin XCConfigurationList section */
		9511E2C12760B72B005EEE8D /* Build configuration list for PBXProject "simoleon" */ = {
			isa = XCConfigurationList;
			buildConfigurations = (
				9511E2ED2760B72C005EEE8D /* Debug */,
				9511E2EE2760B72C005EEE8D /* Release */,
			);
			defaultConfigurationIsVisible = 0;
			defaultConfigurationName = Release;
		};
		9511E2EF2760B72C005EEE8D /* Build configuration list for PBXNativeTarget "simoleon" */ = {
			isa = XCConfigurationList;
			buildConfigurations = (
				9511E2F02760B72C005EEE8D /* Debug */,
				9511E2F12760B72C005EEE8D /* Release */,
			);
			defaultConfigurationIsVisible = 0;
			defaultConfigurationName = Release;
		};
		9511E2F22760B72C005EEE8D /* Build configuration list for PBXNativeTarget "simoleonTests" */ = {
			isa = XCConfigurationList;
			buildConfigurations = (
				9511E2F32760B72C005EEE8D /* Debug */,
				9511E2F42760B72C005EEE8D /* Release */,
			);
			defaultConfigurationIsVisible = 0;
			defaultConfigurationName = Release;
		};
		9511E2F52760B72C005EEE8D /* Build configuration list for PBXNativeTarget "simoleonUITests" */ = {
			isa = XCConfigurationList;
			buildConfigurations = (
				9511E2F62760B72C005EEE8D /* Debug */,
				9511E2F72760B72C005EEE8D /* Release */,
			);
			defaultConfigurationIsVisible = 0;
			defaultConfigurationName = Release;
		};
/* End XCConfigurationList section */

/* Begin XCVersionGroup section */
		9511E2D42760B72C005EEE8D /* simoleon.xcdatamodeld */ = {
			isa = XCVersionGroup;
			children = (
				9511E2D52760B72C005EEE8D /* simoleon.xcdatamodel */,
			);
			currentVersion = 9511E2D52760B72C005EEE8D /* simoleon.xcdatamodel */;
			path = simoleon.xcdatamodeld;
			sourceTree = "<group>";
			versionGroupType = wrapper.xcdatamodel;
		};
/* End XCVersionGroup section */
	};
	rootObject = 9511E2BE2760B72B005EEE8D /* Project object */;
}
