{
  "object": {
    "pins": [
      {
        "package": "Purchases",
        "repositoryURL": "https://github.com/RevenueCat/purchases-ios.git",
        "state": {
          "branch": null,
          "revision": "fd6c25818690e9399bccc713a2b627385b547a8d",
          "version": "3.12.2"
        }
      }
    ]
  },
  "version": 1
}
